
Microsoft Visual Studio Solution File, Format Version 12.00
# Visual Studio Version 16
VisualStudioVersion = 16.0.29920.165
MinimumVisualStudioVersion = 10.0.40219.1
Project("{FAE04EC0-301F-11D3-BF4B-00C04F79EFBC}") = "Lethal.Developer", "Lethal.Developer.csproj", "{3F018603-7F09-4EF5-91A0-7F4A6EDB922D}"
EndProject
Global
	GlobalSection(SolutionConfigurationPlatforms) = preSolution
		Debug|Any CPU = Debug|Any CPU
		Release|Any CPU = Release|Any CPU
	EndGlobalSection
	GlobalSection(ProjectConfigurationPlatforms) = postSolution
		{3F018603-7F09-4EF5-91A0-7F4A6EDB922D}.Debug|Any CPU.ActiveCfg = Debug|Any CPU
		{3F018603-7F09-4EF5-91A0-7F4A6EDB922D}.Debug|Any CPU.Build.0 = Debug|Any CPU
		{3F018603-7F09-4EF5-91A0-7F4A6EDB922D}.Release|Any CPU.ActiveCfg = Release|Any CPU
		{3F018603-7F09-4EF5-91A0-7F4A6EDB922D}.Release|Any CPU.Build.0 = Release|Any CPU
	EndGlobalSection
	GlobalSection(SolutionProperties) = preSolution
		HideSolutionNode = FALSE
	EndGlobalSection
	GlobalSection(ExtensibilityGlobals) = postSolution
		SolutionGuid = {19656FF2-E05E-4373-A8FC-8CF127E79A8A}
	EndGlobalSection
EndGlobal
